
Microsoft Visual Studio Solution File, Format Version 12.00
# Visual Studio 15
VisualStudioVersion = 15.0.27428.2015
MinimumVisualStudioVersion = 10.0.40219.1
Project("{9A19103F-16F7-4668-BE54-9A1E7A4F7556}") = "BlogModel", "src\BlogModel\BlogModel.csproj", "{807C13F4-C1DB-4B86-86E9-16CCEAC8EC4F}"
EndProject
Project("{9A19103F-16F7-4668-BE54-9A1E7A4F7556}") = "BlogRepository", "src\BlogRepository\BlogRepository.csproj", "{5B3461BB-BD1E-4022-A743-8BCDC049A3E6}"
EndProject
Project("{9A19103F-16F7-4668-BE54-9A1E7A4F7556}") = "BlogBusinessLogic", "src\BlogBusinessLogic\BlogBusinessLogic.csproj", "{F68D3EFA-369B-4E17-BBCC-759BED4F55E6}"
EndProject
Project("{9A19103F-16F7-4668-BE54-9A1E7A4F7556}") = "BlogRepository.MySQL", "src\BlogRepository.MySQL\BlogRepository.MySQL.csproj", "{195E175B-EE77-42C7-90DE-44F463750716}"
EndProject
Project("{FAE04EC0-301F-11D3-BF4B-00C04F79EFBC}") = "My Blog", "src\My Blog\My Blog.csproj", "{6381DEE5-652D-447C-8967-81A7F88769CA}"
EndProject
Global
	GlobalSection(SolutionConfigurationPlatforms) = preSolution
		Debug|Any CPU = Debug|Any CPU
		Release|Any CPU = Release|Any CPU
	EndGlobalSection
	GlobalSection(ProjectConfigurationPlatforms) = postSolution
		{807C13F4-C1DB-4B86-86E9-16CCEAC8EC4F}.Debug|Any CPU.ActiveCfg = Debug|Any CPU
		{807C13F4-C1DB-4B86-86E9-16CCEAC8EC4F}.Debug|Any CPU.Build.0 = Debug|Any CPU
		{807C13F4-C1DB-4B86-86E9-16CCEAC8EC4F}.Release|Any CPU.ActiveCfg = Release|Any CPU
		{807C13F4-C1DB-4B86-86E9-16CCEAC8EC4F}.Release|Any CPU.Build.0 = Release|Any CPU
		{5B3461BB-BD1E-4022-A743-8BCDC049A3E6}.Debug|Any CPU.ActiveCfg = Debug|Any CPU
		{5B3461BB-BD1E-4022-A743-8BCDC049A3E6}.Debug|Any CPU.Build.0 = Debug|Any CPU
		{5B3461BB-BD1E-4022-A743-8BCDC049A3E6}.Release|Any CPU.ActiveCfg = Release|Any CPU
		{5B3461BB-BD1E-4022-A743-8BCDC049A3E6}.Release|Any CPU.Build.0 = Release|Any CPU
		{F68D3EFA-369B-4E17-BBCC-759BED4F55E6}.Debug|Any CPU.ActiveCfg = Debug|Any CPU
		{F68D3EFA-369B-4E17-BBCC-759BED4F55E6}.Debug|Any CPU.Build.0 = Debug|Any CPU
		{F68D3EFA-369B-4E17-BBCC-759BED4F55E6}.Release|Any CPU.ActiveCfg = Release|Any CPU
		{F68D3EFA-369B-4E17-BBCC-759BED4F55E6}.Release|Any CPU.Build.0 = Release|Any CPU
		{195E175B-EE77-42C7-90DE-44F463750716}.Debug|Any CPU.ActiveCfg = Debug|Any CPU
		{195E175B-EE77-42C7-90DE-44F463750716}.Debug|Any CPU.Build.0 = Debug|Any CPU
		{195E175B-EE77-42C7-90DE-44F463750716}.Release|Any CPU.ActiveCfg = Release|Any CPU
		{195E175B-EE77-42C7-90DE-44F463750716}.Release|Any CPU.Build.0 = Release|Any CPU
		{6381DEE5-652D-447C-8967-81A7F88769CA}.Debug|Any CPU.ActiveCfg = Debug|Any CPU
		{6381DEE5-652D-447C-8967-81A7F88769CA}.Debug|Any CPU.Build.0 = Debug|Any CPU
		{6381DEE5-652D-447C-8967-81A7F88769CA}.Release|Any CPU.ActiveCfg = Release|Any CPU
		{6381DEE5-652D-447C-8967-81A7F88769CA}.Release|Any CPU.Build.0 = Release|Any CPU
	EndGlobalSection
	GlobalSection(SolutionProperties) = preSolution
		HideSolutionNode = FALSE
	EndGlobalSection
	GlobalSection(ExtensibilityGlobals) = postSolution
		SolutionGuid = {AA94A859-20B9-471B-9AE4-929D298DD07A}
	EndGlobalSection
EndGlobal
